
Microsoft Visual Studio Solution File, Format Version 12.00
# Visual Studio Version 17
VisualStudioVersion = 17.6.33829.357
MinimumVisualStudioVersion = 10.0.40219.1
Project("{FAE04EC0-301F-11D3-BF4B-00C04F79EFBC}") = "Encrypting_Files", "Encrypting_Files\Encrypting_Files.csproj", "{4855AFEA-B156-4640-B07A-2E33AC37076B}"
EndProject
Global
	GlobalSection(SolutionConfigurationPlatforms) = preSolution
		Debug|Any CPU = Debug|Any CPU
		Release|Any CPU = Release|Any CPU
	EndGlobalSection
	GlobalSection(ProjectConfigurationPlatforms) = postSolution
		{4855AFEA-B156-4640-B07A-2E33AC37076B}.Debug|Any CPU.ActiveCfg = Debug|Any CPU
		{4855AFEA-B156-4640-B07A-2E33AC37076B}.Debug|Any CPU.Build.0 = Debug|Any CPU
		{4855AFEA-B156-4640-B07A-2E33AC37076B}.Release|Any CPU.ActiveCfg = Release|Any CPU
		{4855AFEA-B156-4640-B07A-2E33AC37076B}.Release|Any CPU.Build.0 = Release|Any CPU
	EndGlobalSection
	GlobalSection(SolutionProperties) = preSolution
		HideSolutionNode = FALSE
	EndGlobalSection
	GlobalSection(ExtensibilityGlobals) = postSolution
		SolutionGuid = {EBCC867E-45B1-48DF-9670-57A328BA0C6E}
	EndGlobalSection
EndGlobal
